<?xml version="1.0" encoding="utf-8"?>
<Project ToolsVersion="4.0" xmlns="http://schemas.microsoft.com/developer/msbuild/2003">
  <ItemGroup>
    <Filter Include="Source Files">
      <UniqueIdentifier>{4FC737F1-C7A5-4376-A066-2A32D752A2FF}</UniqueIdentifier>
      <Extensions>cpp;c;cc;cxx;def;odl;idl;hpj;bat;asm;asmx</Extensions>
    </Filter>
    <Filter Include="Header Files">
      <UniqueIdentifier>{93995380-89BD-4b04-88EB-625FBE52EBFB}</UniqueIdentifier>
      <Extensions>h;hh;hpp;hxx;hm;inl;inc;ipp;xsd</Extensions>
    </Filter>
    <Filter Include="Resource Files">
      <UniqueIdentifier>{67DA6AB6-F800-4c08-8B7A-83BB121AAD01}</UniqueIdentifier>
      <Extensions>rc;ico;cur;bmp;dlg;rc2;rct;bin;rgs;gif;jpg;jpeg;jpe;resx;tiff;tif;png;wav;mfcribbon-ms</Extensions>
    </Filter>
  </ItemGroup>
  <ItemGroup>
    <None Include="packages.config" />
    <None Include="assets\shaders\shader.frag">
      <Filter>Resource Files</Filter>
    </None>
    <None Include="assets\shaders\shader.vert">
      <Filter>Resource Files</Filter>
    </None>
  </ItemGroup>
  <ItemGroup>
    <ClCompile Include="structure\object\Object.cpp">
      <Filter>Source Files</Filter>
    </ClCompile>
    <ClCompile Include="structure\node\Node.cpp">
      <Filter>Source Files</Filter>
    </ClCompile>
    <ClCompile Include="structure\color\RGBColor.cpp">
      <Filter>Source Files</Filter>
    </ClCompile>
    <ClCompile Include="structure\light\Light.cpp">
      <Filter>Source Files</Filter>
    </ClCompile>
    <ClCompile Include="structure\material\Material.cpp">
      <Filter>Source Files</Filter>
    </ClCompile>
    <ClCompile Include="dllmain.cpp">
      <Filter>Source Files</Filter>
    </ClCompile>
    <ClCompile Include="tuna-ge.cpp">
      <Filter>Source Files</Filter>
    </ClCompile>
    <ClCompile Include="version.cc">
      <Filter>Source Files</Filter>
    </ClCompile>
    <ClCompile Include="structure\camera\Camera.cpp">
      <Filter>Source Files</Filter>
    </ClCompile>
    <ClCompile Include="structure\mesh\Mesh.cpp">
      <Filter>Source Files</Filter>
    </ClCompile>
    <ClCompile Include="structure\vertex\Vertex.cpp">
      <Filter>Source Files</Filter>
    </ClCompile>
    <ClCompile Include="structure\texture\Texture.cpp">
      <Filter>Source Files</Filter>
    </ClCompile>
    <ClCompile Include="structure\list\List.cpp">
      <Filter>Source Files</Filter>
    </ClCompile>
    <ClCompile Include="structure\element\Element.cpp">
      <Filter>Source Files</Filter>
    </ClCompile>
    <ClCompile Include="version.cpp">
      <Filter>Source Files</Filter>
    </ClCompile>
    <ClCompile Include="structure\string\String.cpp">
      <Filter>Source Files</Filter>
    </ClCompile>
    <ClCompile Include="structure\font\Font.cpp">
      <Filter>Source Files</Filter>
    </ClCompile>
    <ClCompile Include="structure\button\Button.cpp">
      <Filter>Source Files</Filter>
    </ClCompile>
    <ClCompile Include="structure\keyboard\Keyboard.cpp">
      <Filter>Source Files</Filter>
    </ClCompile>
    <ClCompile Include="structure\mouse\Mouse.cpp">
      <Filter>Source Files</Filter>
    </ClCompile>
    <ClCompile Include="structure\ovoreader\OvoReader.cpp">
      <Filter>Source Files</Filter>
    </ClCompile>
    <ClCompile Include="VAO.cpp">
      <Filter>Source Files</Filter>
    </ClCompile>
    <ClCompile Include="structure\program\Program.cpp">
      <Filter>Source Files</Filter>
    </ClCompile>
    <ClCompile Include="structure\shader\Shader.cpp">
      <Filter>Source Files</Filter>
    </ClCompile>
  </ItemGroup>
  <ItemGroup>
    <ClInclude Include="structure\object\Object.h">
      <Filter>Header Files</Filter>
    </ClInclude>
    <ClInclude Include="structure\node\Node.h">
      <Filter>Header Files</Filter>
    </ClInclude>
    <ClInclude Include="structure\color\RGBColor.h">
      <Filter>Header Files</Filter>
    </ClInclude>
    <ClInclude Include="structure\light\Light.h">
      <Filter>Header Files</Filter>
    </ClInclude>
    <ClInclude Include="structure\material\Material.h">
      <Filter>Header Files</Filter>
    </ClInclude>
    <ClInclude Include="tuna-ge.h">
      <Filter>Header Files</Filter>
    </ClInclude>
    <ClInclude Include="version.hh">
      <Filter>Header Files</Filter>
    </ClInclude>
    <ClInclude Include="structure\camera\Camera.h">
      <Filter>Header Files</Filter>
    </ClInclude>
    <ClInclude Include="structure\mesh\Mesh.h">
      <Filter>Header Files</Filter>
    </ClInclude>
    <ClInclude Include="structure\vertex\Vertex.h">
      <Filter>Header Files</Filter>
    </ClInclude>
    <ClInclude Include="structure\texture\Texture.h">
      <Filter>Header Files</Filter>
    </ClInclude>
    <ClInclude Include="structure\list\List.h">
      <Filter>Header Files</Filter>
    </ClInclude>
    <ClInclude Include="structure\element\Element.h">
      <Filter>Header Files</Filter>
    </ClInclude>
    <ClInclude Include="resource.h">
      <Filter>Header Files</Filter>
    </ClInclude>
    <ClInclude Include="structure\string\String.h">
      <Filter>Header Files</Filter>
    </ClInclude>
    <ClInclude Include="structure\camera\CameraMode.h">
      <Filter>Header Files</Filter>
    </ClInclude>
    <ClInclude Include="structure\camera\ProjectionMode.h">
      <Filter>Header Files</Filter>
    </ClInclude>
    <ClInclude Include="structure\font\Font.h">
      <Filter>Header Files</Filter>
    </ClInclude>
    <ClInclude Include="structure\ovoreader\OvLight.h">
      <Filter>Header Files</Filter>
    </ClInclude>
    <ClInclude Include="structure\ovoreader\OvMesh.h">
      <Filter>Header Files</Filter>
    </ClInclude>
    <ClInclude Include="structure\ovoreader\OvObject.h">
      <Filter>Header Files</Filter>
    </ClInclude>
    <ClInclude Include="structure\utils\CurrentDir.h">
      <Filter>Header Files</Filter>
    </ClInclude>
    <ClInclude Include="structure\button\Button.h">
      <Filter>Header Files</Filter>
    </ClInclude>
    <ClInclude Include="structure\keyboard\Keyboard.h">
      <Filter>Header Files</Filter>
    </ClInclude>
    <ClInclude Include="structure\mouse\Mouse.h">
      <Filter>Header Files</Filter>
    </ClInclude>
    <ClInclude Include="structure\ovoreader\OvoReader.h">
      <Filter>Header Files</Filter>
    </ClInclude>
    <ClInclude Include="VAO.h">
      <Filter>Header Files</Filter>
    </ClInclude>
    <ClInclude Include="structure\program\Program.h">
      <Filter>Header Files</Filter>
    </ClInclude>
    <ClInclude Include="structure\shader\Shader.h">
      <Filter>Header Files</Filter>
    </ClInclude>
  </ItemGroup>
</Project>